
Microsoft Visual Studio Solution File, Format Version 12.00
# Visual Studio 15
VisualStudioVersion = 15.0.27703.2042
MinimumVisualStudioVersion = 10.0.40219.1
Project("{FAE04EC0-301F-11D3-BF4B-00C04F79EFBC}") = "ContactsManager", "ContactsManager\ContactsManager.csproj", "{7389FB22-DE91-44A8-B891-C7CDBB134F7D}"
EndProject
Project("{FAE04EC0-301F-11D3-BF4B-00C04F79EFBC}") = "ContactsManagerCorrige", "ContactsManagerCorrige\ContactsManagerCorrige.csproj", "{95B2DF13-E8BB-4154-BB3F-AA7F43910CCB}"
EndProject
Project("{FAE04EC0-301F-11D3-BF4B-00C04F79EFBC}") = "ContactsManager.Business", "ContactsManager.Business\ContactsManager.Business.csproj", "{9CCDECF1-AE54-4EEE-AB91-42B800CEA6D7}"
EndProject
Project("{FAE04EC0-301F-11D3-BF4B-00C04F79EFBC}") = "ContactsManager.DAL", "ContactsManager.DAL\ContactsManager.DAL.csproj", "{8CF2C0E3-0B20-4ADD-B679-DA870D50733A}"
EndProject
Global
	GlobalSection(SolutionConfigurationPlatforms) = preSolution
		Debug|Any CPU = Debug|Any CPU
		Release|Any CPU = Release|Any CPU
	EndGlobalSection
	GlobalSection(ProjectConfigurationPlatforms) = postSolution
		{7389FB22-DE91-44A8-B891-C7CDBB134F7D}.Debug|Any CPU.ActiveCfg = Debug|Any CPU
		{7389FB22-DE91-44A8-B891-C7CDBB134F7D}.Debug|Any CPU.Build.0 = Debug|Any CPU
		{7389FB22-DE91-44A8-B891-C7CDBB134F7D}.Release|Any CPU.ActiveCfg = Release|Any CPU
		{7389FB22-DE91-44A8-B891-C7CDBB134F7D}.Release|Any CPU.Build.0 = Release|Any CPU
		{95B2DF13-E8BB-4154-BB3F-AA7F43910CCB}.Debug|Any CPU.ActiveCfg = Debug|Any CPU
		{95B2DF13-E8BB-4154-BB3F-AA7F43910CCB}.Debug|Any CPU.Build.0 = Debug|Any CPU
		{95B2DF13-E8BB-4154-BB3F-AA7F43910CCB}.Release|Any CPU.ActiveCfg = Release|Any CPU
		{95B2DF13-E8BB-4154-BB3F-AA7F43910CCB}.Release|Any CPU.Build.0 = Release|Any CPU
		{9CCDECF1-AE54-4EEE-AB91-42B800CEA6D7}.Debug|Any CPU.ActiveCfg = Debug|Any CPU
		{9CCDECF1-AE54-4EEE-AB91-42B800CEA6D7}.Debug|Any CPU.Build.0 = Debug|Any CPU
		{9CCDECF1-AE54-4EEE-AB91-42B800CEA6D7}.Release|Any CPU.ActiveCfg = Release|Any CPU
		{9CCDECF1-AE54-4EEE-AB91-42B800CEA6D7}.Release|Any CPU.Build.0 = Release|Any CPU
		{8CF2C0E3-0B20-4ADD-B679-DA870D50733A}.Debug|Any CPU.ActiveCfg = Debug|Any CPU
		{8CF2C0E3-0B20-4ADD-B679-DA870D50733A}.Debug|Any CPU.Build.0 = Debug|Any CPU
		{8CF2C0E3-0B20-4ADD-B679-DA870D50733A}.Release|Any CPU.ActiveCfg = Release|Any CPU
		{8CF2C0E3-0B20-4ADD-B679-DA870D50733A}.Release|Any CPU.Build.0 = Release|Any CPU
	EndGlobalSection
	GlobalSection(SolutionProperties) = preSolution
		HideSolutionNode = FALSE
	EndGlobalSection
	GlobalSection(ExtensibilityGlobals) = postSolution
		SolutionGuid = {DD679223-7AFB-47CE-A386-5C1D5DCA16E0}
	EndGlobalSection
EndGlobal
