
Microsoft Visual Studio Solution File, Format Version 12.00
# Visual Studio 15
VisualStudioVersion = 15.0.27703.2042
MinimumVisualStudioVersion = 10.0.40219.1
Project("{FAE04EC0-301F-11D3-BF4B-00C04F79EFBC}") = "ContactsManager", "ContactsManager\ContactsManager.csproj", "{7389FB22-DE91-44A8-B891-C7CDBB134F7D}"
EndProject
Global
	GlobalSection(SolutionConfigurationPlatforms) = preSolution
		Debug|Any CPU = Debug|Any CPU
		Release|Any CPU = Release|Any CPU
	EndGlobalSection
	GlobalSection(ProjectConfigurationPlatforms) = postSolution
		{7389FB22-DE91-44A8-B891-C7CDBB134F7D}.Debug|Any CPU.ActiveCfg = Debug|Any CPU
		{7389FB22-DE91-44A8-B891-C7CDBB134F7D}.Debug|Any CPU.Build.0 = Debug|Any CPU
		{7389FB22-DE91-44A8-B891-C7CDBB134F7D}.Release|Any CPU.ActiveCfg = Release|Any CPU
		{7389FB22-DE91-44A8-B891-C7CDBB134F7D}.Release|Any CPU.Build.0 = Release|Any CPU
	EndGlobalSection
	GlobalSection(SolutionProperties) = preSolution
		HideSolutionNode = FALSE
	EndGlobalSection
	GlobalSection(ExtensibilityGlobals) = postSolution
		SolutionGuid = {DD679223-7AFB-47CE-A386-5C1D5DCA16E0}
	EndGlobalSection
EndGlobal
